
Microsoft Visual Studio Solution File, Format Version 12.00
# Visual Studio Version 17
VisualStudioVersion = 17.2.32630.192
MinimumVisualStudioVersion = 10.0.40219.1
Project("{9A19103F-16F7-4668-BE54-9A1E7A4F7556}") = "WebShell2.0", "WebShell2.0\WebShell2.0.csproj", "{AB33F424-47B7-4F63-8058-827F1B755B21}"
EndProject
Project("{FAE04EC0-301F-11D3-BF4B-00C04F79EFBC}") = "ModelsApi", "ModelsApi\ModelsApi.csproj", "{0761186C-34F5-44D4-A3DA-0E2A8FD8A8B1}"
EndProject
Global
	GlobalSection(SolutionConfigurationPlatforms) = preSolution
		Debug|Any CPU = Debug|Any CPU
		Release|Any CPU = Release|Any CPU
	EndGlobalSection
	GlobalSection(ProjectConfigurationPlatforms) = postSolution
		{AB33F424-47B7-4F63-8058-827F1B755B21}.Debug|Any CPU.ActiveCfg = Debug|Any CPU
		{AB33F424-47B7-4F63-8058-827F1B755B21}.Debug|Any CPU.Build.0 = Debug|Any CPU
		{AB33F424-47B7-4F63-8058-827F1B755B21}.Release|Any CPU.ActiveCfg = Release|Any CPU
		{AB33F424-47B7-4F63-8058-827F1B755B21}.Release|Any CPU.Build.0 = Release|Any CPU
		{0761186C-34F5-44D4-A3DA-0E2A8FD8A8B1}.Debug|Any CPU.ActiveCfg = Debug|Any CPU
		{0761186C-34F5-44D4-A3DA-0E2A8FD8A8B1}.Debug|Any CPU.Build.0 = Debug|Any CPU
		{0761186C-34F5-44D4-A3DA-0E2A8FD8A8B1}.Release|Any CPU.ActiveCfg = Release|Any CPU
		{0761186C-34F5-44D4-A3DA-0E2A8FD8A8B1}.Release|Any CPU.Build.0 = Release|Any CPU
	EndGlobalSection
	GlobalSection(SolutionProperties) = preSolution
		HideSolutionNode = FALSE
	EndGlobalSection
	GlobalSection(ExtensibilityGlobals) = postSolution
		SolutionGuid = {8CCFAB49-2237-448B-88F9-E55614AB9809}
	EndGlobalSection
EndGlobal
